
Microsoft Visual Studio Solution File, Format Version 12.00
# Visual Studio Version 17
VisualStudioVersion = 17.7.34221.43
MinimumVisualStudioVersion = 10.0.40219.1
Project("{FAE04EC0-301F-11D3-BF4B-00C04F79EFBC}") = "UptecTodoApi", "UptecTodoApi\UptecTodoApi.csproj", "{ED23BE6D-39B6-4D7D-A824-942FB170CE6E}"
EndProject
Global
	GlobalSection(SolutionConfigurationPlatforms) = preSolution
		Debug|Any CPU = Debug|Any CPU
		Release|Any CPU = Release|Any CPU
	EndGlobalSection
	GlobalSection(ProjectConfigurationPlatforms) = postSolution
		{ED23BE6D-39B6-4D7D-A824-942FB170CE6E}.Debug|Any CPU.ActiveCfg = Debug|Any CPU
		{ED23BE6D-39B6-4D7D-A824-942FB170CE6E}.Debug|Any CPU.Build.0 = Debug|Any CPU
		{ED23BE6D-39B6-4D7D-A824-942FB170CE6E}.Release|Any CPU.ActiveCfg = Release|Any CPU
		{ED23BE6D-39B6-4D7D-A824-942FB170CE6E}.Release|Any CPU.Build.0 = Release|Any CPU
	EndGlobalSection
	GlobalSection(SolutionProperties) = preSolution
		HideSolutionNode = FALSE
	EndGlobalSection
	GlobalSection(ExtensibilityGlobals) = postSolution
		SolutionGuid = {DB72B5AB-0091-4FC8-8131-12798C381554}
	EndGlobalSection
EndGlobal
